// !$*UTF8*$!
{
	archiveVersion = 1;
	classes = {
	};
	objectVersion = 54;
	objects = {

/* Begin PBXBuildFile section */
		00E356F31AD99517003FC87E /* zaamoTests.m in Sources */ = {isa = PBXBuildFile; fileRef = 00E356F21AD99517003FC87E /* zaamoTests.m */; };
		13B07FBC1A68108700A75B9A /* AppDelegate.m in Sources */ = {isa = PBXBuildFile; fileRef = 13B07FB01A68108700A75B9A /* AppDelegate.m */; };
		13B07FBF1A68108700A75B9A /* Images.xcassets in Resources */ = {isa = PBXBuildFile; fileRef = 13B07FB51A68108700A75B9A /* Images.xcassets */; };
		13B07FC11A68108700A75B9A /* main.m in Sources */ = {isa = PBXBuildFile; fileRef = 13B07FB71A68108700A75B9A /* main.m */; };
		6172F2D35A4C3AA820D92908 /* libPods-zaamo.a in Frameworks */ = {isa = PBXBuildFile; fileRef = 6423831EA8574132BED9D8CC /* libPods-zaamo.a */; };
		7EF68E3733C33B6898317E18 /* libPods-zaamo-zaamoTests.a in Frameworks */ = {isa = PBXBuildFile; fileRef = ABFE59519B596E51CEFDCCC0 /* libPods-zaamo-zaamoTests.a */; };
		81AB9BB82411601600AC10FF /* LaunchScreen.storyboard in Resources */ = {isa = PBXBuildFile; fileRef = 81AB9BB72411601600AC10FF /* LaunchScreen.storyboard */; };
		9801A166FBC440D8B6774B0F /* Merriweather-Black.ttf in Resources */ = {isa = PBXBuildFile; fileRef = 8AE8908046724E4B94161B42 /* Merriweather-Black.ttf */; };
		239038D2055D48C98E20F0EA /* Merriweather-BlackItalic.ttf in Resources */ = {isa = PBXBuildFile; fileRef = F7648987E6CF48BCB7C2D317 /* Merriweather-BlackItalic.ttf */; };
		7D34CA067E424EAD9BD4EA0F /* Merriweather-Bold.ttf in Resources */ = {isa = PBXBuildFile; fileRef = 3FD12BF7537549619DB3385D /* Merriweather-Bold.ttf */; };
		3A4186B349384173885D9113 /* Merriweather-BoldItalic.ttf in Resources */ = {isa = PBXBuildFile; fileRef = 070812BB8AA244B489748412 /* Merriweather-BoldItalic.ttf */; };
		2B0AE92EE12D4E4482D0DC6B /* Merriweather-Italic.ttf in Resources */ = {isa = PBXBuildFile; fileRef = D6016E7923AC44DBA839722B /* Merriweather-Italic.ttf */; };
		5B2C8857666449FF8B418C4A /* Merriweather-Light.ttf in Resources */ = {isa = PBXBuildFile; fileRef = 73D65DFC4DA9494294F92458 /* Merriweather-Light.ttf */; };
		B72DF23643964D2DA15E4C0D /* Merriweather-LightItalic.ttf in Resources */ = {isa = PBXBuildFile; fileRef = 39684B5F24544235A3665E5E /* Merriweather-LightItalic.ttf */; };
		DFA133BEDBCF4E179C0A7F01 /* Merriweather-Regular.ttf in Resources */ = {isa = PBXBuildFile; fileRef = 3B96B52CE8D84B3DB8C6FD69 /* Merriweather-Regular.ttf */; };
		22BDC1FEF4E44E878EE4AE9F /* Roboto-Black.ttf in Resources */ = {isa = PBXBuildFile; fileRef = 194746260C3A4BC28F1B11BF /* Roboto-Black.ttf */; };
		C6C9FEA4B7274AF99489430A /* Roboto-BlackItalic.ttf in Resources */ = {isa = PBXBuildFile; fileRef = E0CFF43E6E4F403C868ADBA5 /* Roboto-BlackItalic.ttf */; };
		487C10476CA0412E8C6B1874 /* Roboto-Bold.ttf in Resources */ = {isa = PBXBuildFile; fileRef = 1061A813F4C44F20B75FB1BA /* Roboto-Bold.ttf */; };
		62AB3F8DC2AC4BACA60C6538 /* Roboto-BoldItalic.ttf in Resources */ = {isa = PBXBuildFile; fileRef = C7983F1A71D345619744CA1C /* Roboto-BoldItalic.ttf */; };
		E4F375A592B14B21896F755A /* Roboto-Italic.ttf in Resources */ = {isa = PBXBuildFile; fileRef = 03B5344BA8DC4EF99DAC61CE /* Roboto-Italic.ttf */; };
		86A33392AA974BD880795B13 /* Roboto-Light.ttf in Resources */ = {isa = PBXBuildFile; fileRef = D13F471C809445BEA646E7FE /* Roboto-Light.ttf */; };
		B145DD380A5F419EBDA7F7BF /* Roboto-LightItalic.ttf in Resources */ = {isa = PBXBuildFile; fileRef = B789B8697F4B45529CBF5981 /* Roboto-LightItalic.ttf */; };
		B47E94F1FAD445C78BDA2AAF /* Roboto-Medium.ttf in Resources */ = {isa = PBXBuildFile; fileRef = 33640709AB4747D8ACFD63D5 /* Roboto-Medium.ttf */; };
		A8CBA853F81641E1B985A5B7 /* Roboto-MediumItalic.ttf in Resources */ = {isa = PBXBuildFile; fileRef = 0AD2A6B6B64F4EA9A909A8ED /* Roboto-MediumItalic.ttf */; };
		9A3CD229308E4E8DAF0DCAA0 /* Roboto-Regular.ttf in Resources */ = {isa = PBXBuildFile; fileRef = FAC1C47627D74F5BA174FAEC /* Roboto-Regular.ttf */; };
		C6CD3675CF4848FFB0299E7D /* Roboto-Thin.ttf in Resources */ = {isa = PBXBuildFile; fileRef = D2A9AD0CA72A4621B41B353C /* Roboto-Thin.ttf */; };
		5C90D0A66CAB4897AC8EC316 /* Roboto-ThinItalic.ttf in Resources */ = {isa = PBXBuildFile; fileRef = 88234C35EE07440588CD8E56 /* Roboto-ThinItalic.ttf */; };
		D95EDC0E5ABB4289B272CCB9 /* AntDesign.ttf in Resources */ = {isa = PBXBuildFile; fileRef = 796720A70033404BA948A649 /* AntDesign.ttf */; };
		C77DA2F4AC3445A2BC43822B /* Entypo.ttf in Resources */ = {isa = PBXBuildFile; fileRef = 76664C48B3744E74B5E63AC3 /* Entypo.ttf */; };
		C637688EBBBD4AE69DCE8D37 /* EvilIcons.ttf in Resources */ = {isa = PBXBuildFile; fileRef = D53A88CBFF254C2FB645E49A /* EvilIcons.ttf */; };
		21EFEECED20D4EE98F912888 /* Feather.ttf in Resources */ = {isa = PBXBuildFile; fileRef = 834DF13AF22D4F51B7B4FDF0 /* Feather.ttf */; };
		A30B65776D7A462EA148AA00 /* FontAwesome.ttf in Resources */ = {isa = PBXBuildFile; fileRef = DC7D424DDA9F4ED5860D52E6 /* FontAwesome.ttf */; };
		C060A865CF77482A94584225 /* FontAwesome5_Brands.ttf in Resources */ = {isa = PBXBuildFile; fileRef = 077796D631F9484090E3D980 /* FontAwesome5_Brands.ttf */; };
		F3F88E69E5444465ADBD4172 /* FontAwesome5_Regular.ttf in Resources */ = {isa = PBXBuildFile; fileRef = 1CD016627143408794B85363 /* FontAwesome5_Regular.ttf */; };
		6D4D4CC6428C4F82A5487169 /* FontAwesome5_Solid.ttf in Resources */ = {isa = PBXBuildFile; fileRef = C76D7C79B02C40E19DE1CCF3 /* FontAwesome5_Solid.ttf */; };
		A4AE7C6037A044B4922EEB64 /* Fontisto.ttf in Resources */ = {isa = PBXBuildFile; fileRef = 702624C8E7704BC1B2F12452 /* Fontisto.ttf */; };
		E829B5C45CBA4604952C01D3 /* Foundation.ttf in Resources */ = {isa = PBXBuildFile; fileRef = F271782BA74B4E0D86092554 /* Foundation.ttf */; };
		732A45163E854A88B37957ED /* Ionicons.ttf in Resources */ = {isa = PBXBuildFile; fileRef = 5A579D8D6A8C42FB980FAD47 /* Ionicons.ttf */; };
		D052096CF1BE4A4B9AC8FF64 /* MaterialCommunityIcons.ttf in Resources */ = {isa = PBXBuildFile; fileRef = 65FE2839A124478589E81B3A /* MaterialCommunityIcons.ttf */; };
		C45CFDFE9B644F03BC95A43D /* MaterialIcons.ttf in Resources */ = {isa = PBXBuildFile; fileRef = 7B8F1CFFCF9C48259D168ACC /* MaterialIcons.ttf */; };
		D78F73F0AAE0453C9A94CC32 /* Octicons.ttf in Resources */ = {isa = PBXBuildFile; fileRef = 6F28593A23BB4C4281301993 /* Octicons.ttf */; };
		11EAFB1089284A51940A8448 /* SimpleLineIcons.ttf in Resources */ = {isa = PBXBuildFile; fileRef = D92BC2381A1446D49C1B7223 /* SimpleLineIcons.ttf */; };
		9CE3188D441F4AC6A5122C39 /* Zocial.ttf in Resources */ = {isa = PBXBuildFile; fileRef = C4E7F0AF75FE4A4E85C619E7 /* Zocial.ttf */; };
		4E769E8E81684F4C942CE986 /* Montserrat-Black.ttf in Resources */ = {isa = PBXBuildFile; fileRef = A7020531BE8747BAB2B21D39 /* Montserrat-Black.ttf */; };
		C823D9643A6B4D159E685757 /* Montserrat-BlackItalic.ttf in Resources */ = {isa = PBXBuildFile; fileRef = 122747A8941C44D98605295C /* Montserrat-BlackItalic.ttf */; };
		66E4E86462A14E75B07F591D /* Montserrat-Bold.ttf in Resources */ = {isa = PBXBuildFile; fileRef = EFDB32E6CCAA4F3BA550735D /* Montserrat-Bold.ttf */; };
		DF453CC2F89C4AC7ABC765CE /* Montserrat-BoldItalic.ttf in Resources */ = {isa = PBXBuildFile; fileRef = 6FCA9485A1154F48B24FBF19 /* Montserrat-BoldItalic.ttf */; };
		C9C81F2076C04C7BADBD1D58 /* Montserrat-ExtraBold.ttf in Resources */ = {isa = PBXBuildFile; fileRef = F8593CEFAE73475A8D80FB72 /* Montserrat-ExtraBold.ttf */; };
		DE48178C2F8C41A2B0533BB6 /* Montserrat-ExtraBoldItalic.ttf in Resources */ = {isa = PBXBuildFile; fileRef = ECF328A3DF5544D6886B2F6E /* Montserrat-ExtraBoldItalic.ttf */; };
		22D21444F7EB47EB93D0B783 /* Montserrat-ExtraLight.ttf in Resources */ = {isa = PBXBuildFile; fileRef = 07DA3F193CB9493B838A4A9B /* Montserrat-ExtraLight.ttf */; };
		AA401690E87846A986105E4D /* Montserrat-ExtraLightItalic.ttf in Resources */ = {isa = PBXBuildFile; fileRef = 336F3B59BDF5439DBF5D2C97 /* Montserrat-ExtraLightItalic.ttf */; };
		C9FB7908882049CBB053DC22 /* Montserrat-Italic.ttf in Resources */ = {isa = PBXBuildFile; fileRef = 3DE876D608904C37AD5AB43E /* Montserrat-Italic.ttf */; };
		9BBED18C5E874C80B256F895 /* Montserrat-Light.ttf in Resources */ = {isa = PBXBuildFile; fileRef = 3CD52E34D97D44389373ECE5 /* Montserrat-Light.ttf */; };
		15D3EF8D27EA4D439E269F05 /* Montserrat-LightItalic.ttf in Resources */ = {isa = PBXBuildFile; fileRef = 3DB5C46B64504A04BDB2CB23 /* Montserrat-LightItalic.ttf */; };
		7BBC8183269643D2802EF82E /* Montserrat-Medium.ttf in Resources */ = {isa = PBXBuildFile; fileRef = B9EDD44F6E3D4387A9C52B6F /* Montserrat-Medium.ttf */; };
		C6D4C763DC4A4C34824F50FD /* Montserrat-MediumItalic.ttf in Resources */ = {isa = PBXBuildFile; fileRef = 482B08D67FD24F44B12C40C1 /* Montserrat-MediumItalic.ttf */; };
		E1DCCD66D642479A91D520D9 /* Montserrat-Regular.ttf in Resources */ = {isa = PBXBuildFile; fileRef = 7EC8263EBA774C5AB634A2CB /* Montserrat-Regular.ttf */; };
		1DF7F34DBC9D4F70868CCD6C /* Montserrat-SemiBold.ttf in Resources */ = {isa = PBXBuildFile; fileRef = A0269A9633A24B7A87E098B4 /* Montserrat-SemiBold.ttf */; };
		3E798D9CF80D4289A8D1AB89 /* Montserrat-SemiBoldItalic.ttf in Resources */ = {isa = PBXBuildFile; fileRef = 39F516A2AB464302ACDA12B2 /* Montserrat-SemiBoldItalic.ttf */; };
		66DFC8E62E6645AF840F0444 /* Montserrat-Thin.ttf in Resources */ = {isa = PBXBuildFile; fileRef = 15B5F6EF69334ED7B08B71D0 /* Montserrat-Thin.ttf */; };
		5AE8242B370249C6A51BED04 /* Montserrat-ThinItalic.ttf in Resources */ = {isa = PBXBuildFile; fileRef = 7AB1B422F5BF44369D86A4BB /* Montserrat-ThinItalic.ttf */; };
/* End PBXBuildFile section */

/* Begin PBXContainerItemProxy section */
		00E356F41AD99517003FC87E /* PBXContainerItemProxy */ = {
			isa = PBXContainerItemProxy;
			containerPortal = 83CBB9F71A601CBA00E9B192 /* Project object */;
			proxyType = 1;
			remoteGlobalIDString = 13B07F861A680F5B00A75B9A;
			remoteInfo = zaamo;
		};
/* End PBXContainerItemProxy section */

/* Begin PBXFileReference section */
		00E356EE1AD99517003FC87E /* zaamoTests.xctest */ = {isa = PBXFileReference; explicitFileType = wrapper.cfbundle; includeInIndex = 0; path = zaamoTests.xctest; sourceTree = BUILT_PRODUCTS_DIR; };
		00E356F11AD99517003FC87E /* Info.plist */ = {isa = PBXFileReference; lastKnownFileType = text.plist.xml; path = Info.plist; sourceTree = "<group>"; };
		00E356F21AD99517003FC87E /* zaamoTests.m */ = {isa = PBXFileReference; lastKnownFileType = sourcecode.c.objc; path = zaamoTests.m; sourceTree = "<group>"; };
		13B07F961A680F5B00A75B9A /* zaamo.app */ = {isa = PBXFileReference; explicitFileType = wrapper.application; includeInIndex = 0; path = zaamo.app; sourceTree = BUILT_PRODUCTS_DIR; };
		13B07FAF1A68108700A75B9A /* AppDelegate.h */ = {isa = PBXFileReference; fileEncoding = 4; lastKnownFileType = sourcecode.c.h; name = AppDelegate.h; path = zaamo/AppDelegate.h; sourceTree = "<group>"; };
		13B07FB01A68108700A75B9A /* AppDelegate.m */ = {isa = PBXFileReference; fileEncoding = 4; lastKnownFileType = sourcecode.c.objc; name = AppDelegate.m; path = zaamo/AppDelegate.m; sourceTree = "<group>"; };
		13B07FB51A68108700A75B9A /* Images.xcassets */ = {isa = PBXFileReference; lastKnownFileType = folder.assetcatalog; name = Images.xcassets; path = zaamo/Images.xcassets; sourceTree = "<group>"; };
		13B07FB61A68108700A75B9A /* Info.plist */ = {isa = PBXFileReference; fileEncoding = 4; lastKnownFileType = text.plist.xml; name = Info.plist; path = zaamo/Info.plist; sourceTree = "<group>"; };
		13B07FB71A68108700A75B9A /* main.m */ = {isa = PBXFileReference; fileEncoding = 4; lastKnownFileType = sourcecode.c.objc; name = main.m; path = zaamo/main.m; sourceTree = "<group>"; };
		1D0AE47A65C8663E3B452821 /* Pods-zaamo-zaamoTests.release.xcconfig */ = {isa = PBXFileReference; includeInIndex = 1; lastKnownFileType = text.xcconfig; name = "Pods-zaamo-zaamoTests.release.xcconfig"; path = "Target Support Files/Pods-zaamo-zaamoTests/Pods-zaamo-zaamoTests.release.xcconfig"; sourceTree = "<group>"; };
		6423831EA8574132BED9D8CC /* libPods-zaamo.a */ = {isa = PBXFileReference; explicitFileType = archive.ar; includeInIndex = 0; path = "libPods-zaamo.a"; sourceTree = BUILT_PRODUCTS_DIR; };
		6C97AB639B58BBB4B15BBE30 /* Pods-zaamo-zaamoTests.debug.xcconfig */ = {isa = PBXFileReference; includeInIndex = 1; lastKnownFileType = text.xcconfig; name = "Pods-zaamo-zaamoTests.debug.xcconfig"; path = "Target Support Files/Pods-zaamo-zaamoTests/Pods-zaamo-zaamoTests.debug.xcconfig"; sourceTree = "<group>"; };
		81AB9BB72411601600AC10FF /* LaunchScreen.storyboard */ = {isa = PBXFileReference; fileEncoding = 4; lastKnownFileType = file.storyboard; name = LaunchScreen.storyboard; path = zaamo/LaunchScreen.storyboard; sourceTree = "<group>"; };
		ABFE59519B596E51CEFDCCC0 /* libPods-zaamo-zaamoTests.a */ = {isa = PBXFileReference; explicitFileType = archive.ar; includeInIndex = 0; path = "libPods-zaamo-zaamoTests.a"; sourceTree = BUILT_PRODUCTS_DIR; };
		C0A881CF5CF3F2B244570E2A /* Pods-zaamo.debug.xcconfig */ = {isa = PBXFileReference; includeInIndex = 1; lastKnownFileType = text.xcconfig; name = "Pods-zaamo.debug.xcconfig"; path = "Target Support Files/Pods-zaamo/Pods-zaamo.debug.xcconfig"; sourceTree = "<group>"; };
		D00AAFFCFCFDA5787532823F /* Pods-zaamo.release.xcconfig */ = {isa = PBXFileReference; includeInIndex = 1; lastKnownFileType = text.xcconfig; name = "Pods-zaamo.release.xcconfig"; path = "Target Support Files/Pods-zaamo/Pods-zaamo.release.xcconfig"; sourceTree = "<group>"; };
		ED297162215061F000B7C4FE /* JavaScriptCore.framework */ = {isa = PBXFileReference; lastKnownFileType = wrapper.framework; name = JavaScriptCore.framework; path = System/Library/Frameworks/JavaScriptCore.framework; sourceTree = SDKROOT; };
		8AE8908046724E4B94161B42 /* Merriweather-Black.ttf */ = {isa = PBXFileReference; name = "Merriweather-Black.ttf"; path = "../src/assets/fonts/Merriweather-Black.ttf"; sourceTree = "<group>"; fileEncoding = undefined; lastKnownFileType = unknown; explicitFileType = undefined; includeInIndex = 0; };
		F7648987E6CF48BCB7C2D317 /* Merriweather-BlackItalic.ttf */ = {isa = PBXFileReference; name = "Merriweather-BlackItalic.ttf"; path = "../src/assets/fonts/Merriweather-BlackItalic.ttf"; sourceTree = "<group>"; fileEncoding = undefined; lastKnownFileType = unknown; explicitFileType = undefined; includeInIndex = 0; };
		3FD12BF7537549619DB3385D /* Merriweather-Bold.ttf */ = {isa = PBXFileReference; name = "Merriweather-Bold.ttf"; path = "../src/assets/fonts/Merriweather-Bold.ttf"; sourceTree = "<group>"; fileEncoding = undefined; lastKnownFileType = unknown; explicitFileType = undefined; includeInIndex = 0; };
		070812BB8AA244B489748412 /* Merriweather-BoldItalic.ttf */ = {isa = PBXFileReference; name = "Merriweather-BoldItalic.ttf"; path = "../src/assets/fonts/Merriweather-BoldItalic.ttf"; sourceTree = "<group>"; fileEncoding = undefined; lastKnownFileType = unknown; explicitFileType = undefined; includeInIndex = 0; };
		D6016E7923AC44DBA839722B /* Merriweather-Italic.ttf */ = {isa = PBXFileReference; name = "Merriweather-Italic.ttf"; path = "../src/assets/fonts/Merriweather-Italic.ttf"; sourceTree = "<group>"; fileEncoding = undefined; lastKnownFileType = unknown; explicitFileType = undefined; includeInIndex = 0; };
		73D65DFC4DA9494294F92458 /* Merriweather-Light.ttf */ = {isa = PBXFileReference; name = "Merriweather-Light.ttf"; path = "../src/assets/fonts/Merriweather-Light.ttf"; sourceTree = "<group>"; fileEncoding = undefined; lastKnownFileType = unknown; explicitFileType = undefined; includeInIndex = 0; };
		39684B5F24544235A3665E5E /* Merriweather-LightItalic.ttf */ = {isa = PBXFileReference; name = "Merriweather-LightItalic.ttf"; path = "../src/assets/fonts/Merriweather-LightItalic.ttf"; sourceTree = "<group>"; fileEncoding = undefined; lastKnownFileType = unknown; explicitFileType = undefined; includeInIndex = 0; };
		3B96B52CE8D84B3DB8C6FD69 /* Merriweather-Regular.ttf */ = {isa = PBXFileReference; name = "Merriweather-Regular.ttf"; path = "../src/assets/fonts/Merriweather-Regular.ttf"; sourceTree = "<group>"; fileEncoding = undefined; lastKnownFileType = unknown; explicitFileType = undefined; includeInIndex = 0; };
		194746260C3A4BC28F1B11BF /* Roboto-Black.ttf */ = {isa = PBXFileReference; name = "Roboto-Black.ttf"; path = "../src/assets/fonts/Roboto-Black.ttf"; sourceTree = "<group>"; fileEncoding = undefined; lastKnownFileType = unknown; explicitFileType = undefined; includeInIndex = 0; };
		E0CFF43E6E4F403C868ADBA5 /* Roboto-BlackItalic.ttf */ = {isa = PBXFileReference; name = "Roboto-BlackItalic.ttf"; path = "../src/assets/fonts/Roboto-BlackItalic.ttf"; sourceTree = "<group>"; fileEncoding = undefined; lastKnownFileType = unknown; explicitFileType = undefined; includeInIndex = 0; };
		1061A813F4C44F20B75FB1BA /* Roboto-Bold.ttf */ = {isa = PBXFileReference; name = "Roboto-Bold.ttf"; path = "../src/assets/fonts/Roboto-Bold.ttf"; sourceTree = "<group>"; fileEncoding = undefined; lastKnownFileType = unknown; explicitFileType = undefined; includeInIndex = 0; };
		C7983F1A71D345619744CA1C /* Roboto-BoldItalic.ttf */ = {isa = PBXFileReference; name = "Roboto-BoldItalic.ttf"; path = "../src/assets/fonts/Roboto-BoldItalic.ttf"; sourceTree = "<group>"; fileEncoding = undefined; lastKnownFileType = unknown; explicitFileType = undefined; includeInIndex = 0; };
		03B5344BA8DC4EF99DAC61CE /* Roboto-Italic.ttf */ = {isa = PBXFileReference; name = "Roboto-Italic.ttf"; path = "../src/assets/fonts/Roboto-Italic.ttf"; sourceTree = "<group>"; fileEncoding = undefined; lastKnownFileType = unknown; explicitFileType = undefined; includeInIndex = 0; };
		D13F471C809445BEA646E7FE /* Roboto-Light.ttf */ = {isa = PBXFileReference; name = "Roboto-Light.ttf"; path = "../src/assets/fonts/Roboto-Light.ttf"; sourceTree = "<group>"; fileEncoding = undefined; lastKnownFileType = unknown; explicitFileType = undefined; includeInIndex = 0; };
		B789B8697F4B45529CBF5981 /* Roboto-LightItalic.ttf */ = {isa = PBXFileReference; name = "Roboto-LightItalic.ttf"; path = "../src/assets/fonts/Roboto-LightItalic.ttf"; sourceTree = "<group>"; fileEncoding = undefined; lastKnownFileType = unknown; explicitFileType = undefined; includeInIndex = 0; };
		33640709AB4747D8ACFD63D5 /* Roboto-Medium.ttf */ = {isa = PBXFileReference; name = "Roboto-Medium.ttf"; path = "../src/assets/fonts/Roboto-Medium.ttf"; sourceTree = "<group>"; fileEncoding = undefined; lastKnownFileType = unknown; explicitFileType = undefined; includeInIndex = 0; };
		0AD2A6B6B64F4EA9A909A8ED /* Roboto-MediumItalic.ttf */ = {isa = PBXFileReference; name = "Roboto-MediumItalic.ttf"; path = "../src/assets/fonts/Roboto-MediumItalic.ttf"; sourceTree = "<group>"; fileEncoding = undefined; lastKnownFileType = unknown; explicitFileType = undefined; includeInIndex = 0; };
		FAC1C47627D74F5BA174FAEC /* Roboto-Regular.ttf */ = {isa = PBXFileReference; name = "Roboto-Regular.ttf"; path = "../src/assets/fonts/Roboto-Regular.ttf"; sourceTree = "<group>"; fileEncoding = undefined; lastKnownFileType = unknown; explicitFileType = undefined; includeInIndex = 0; };
		D2A9AD0CA72A4621B41B353C /* Roboto-Thin.ttf */ = {isa = PBXFileReference; name = "Roboto-Thin.ttf"; path = "../src/assets/fonts/Roboto-Thin.ttf"; sourceTree = "<group>"; fileEncoding = undefined; lastKnownFileType = unknown; explicitFileType = undefined; includeInIndex = 0; };
		88234C35EE07440588CD8E56 /* Roboto-ThinItalic.ttf */ = {isa = PBXFileReference; name = "Roboto-ThinItalic.ttf"; path = "../src/assets/fonts/Roboto-ThinItalic.ttf"; sourceTree = "<group>"; fileEncoding = undefined; lastKnownFileType = unknown; explicitFileType = undefined; includeInIndex = 0; };
		796720A70033404BA948A649 /* AntDesign.ttf */ = {isa = PBXFileReference; name = "AntDesign.ttf"; path = "../node_modules/react-native-vector-icons/Fonts/AntDesign.ttf"; sourceTree = "<group>"; fileEncoding = undefined; lastKnownFileType = unknown; explicitFileType = undefined; includeInIndex = 0; };
		76664C48B3744E74B5E63AC3 /* Entypo.ttf */ = {isa = PBXFileReference; name = "Entypo.ttf"; path = "../node_modules/react-native-vector-icons/Fonts/Entypo.ttf"; sourceTree = "<group>"; fileEncoding = undefined; lastKnownFileType = unknown; explicitFileType = undefined; includeInIndex = 0; };
		D53A88CBFF254C2FB645E49A /* EvilIcons.ttf */ = {isa = PBXFileReference; name = "EvilIcons.ttf"; path = "../node_modules/react-native-vector-icons/Fonts/EvilIcons.ttf"; sourceTree = "<group>"; fileEncoding = undefined; lastKnownFileType = unknown; explicitFileType = undefined; includeInIndex = 0; };
		834DF13AF22D4F51B7B4FDF0 /* Feather.ttf */ = {isa = PBXFileReference; name = "Feather.ttf"; path = "../node_modules/react-native-vector-icons/Fonts/Feather.ttf"; sourceTree = "<group>"; fileEncoding = undefined; lastKnownFileType = unknown; explicitFileType = undefined; includeInIndex = 0; };
		DC7D424DDA9F4ED5860D52E6 /* FontAwesome.ttf */ = {isa = PBXFileReference; name = "FontAwesome.ttf"; path = "../node_modules/react-native-vector-icons/Fonts/FontAwesome.ttf"; sourceTree = "<group>"; fileEncoding = undefined; lastKnownFileType = unknown; explicitFileType = undefined; includeInIndex = 0; };
		077796D631F9484090E3D980 /* FontAwesome5_Brands.ttf */ = {isa = PBXFileReference; name = "FontAwesome5_Brands.ttf"; path = "../node_modules/react-native-vector-icons/Fonts/FontAwesome5_Brands.ttf"; sourceTree = "<group>"; fileEncoding = undefined; lastKnownFileType = unknown; explicitFileType = undefined; includeInIndex = 0; };
		1CD016627143408794B85363 /* FontAwesome5_Regular.ttf */ = {isa = PBXFileReference; name = "FontAwesome5_Regular.ttf"; path = "../node_modules/react-native-vector-icons/Fonts/FontAwesome5_Regular.ttf"; sourceTree = "<group>"; fileEncoding = undefined; lastKnownFileType = unknown; explicitFileType = undefined; includeInIndex = 0; };
		C76D7C79B02C40E19DE1CCF3 /* FontAwesome5_Solid.ttf */ = {isa = PBXFileReference; name = "FontAwesome5_Solid.ttf"; path = "../node_modules/react-native-vector-icons/Fonts/FontAwesome5_Solid.ttf"; sourceTree = "<group>"; fileEncoding = undefined; lastKnownFileType = unknown; explicitFileType = undefined; includeInIndex = 0; };
		702624C8E7704BC1B2F12452 /* Fontisto.ttf */ = {isa = PBXFileReference; name = "Fontisto.ttf"; path = "../node_modules/react-native-vector-icons/Fonts/Fontisto.ttf"; sourceTree = "<group>"; fileEncoding = undefined; lastKnownFileType = unknown; explicitFileType = undefined; includeInIndex = 0; };
		F271782BA74B4E0D86092554 /* Foundation.ttf */ = {isa = PBXFileReference; name = "Foundation.ttf"; path = "../node_modules/react-native-vector-icons/Fonts/Foundation.ttf"; sourceTree = "<group>"; fileEncoding = undefined; lastKnownFileType = unknown; explicitFileType = undefined; includeInIndex = 0; };
		5A579D8D6A8C42FB980FAD47 /* Ionicons.ttf */ = {isa = PBXFileReference; name = "Ionicons.ttf"; path = "../node_modules/react-native-vector-icons/Fonts/Ionicons.ttf"; sourceTree = "<group>"; fileEncoding = undefined; lastKnownFileType = unknown; explicitFileType = undefined; includeInIndex = 0; };
		65FE2839A124478589E81B3A /* MaterialCommunityIcons.ttf */ = {isa = PBXFileReference; name = "MaterialCommunityIcons.ttf"; path = "../node_modules/react-native-vector-icons/Fonts/MaterialCommunityIcons.ttf"; sourceTree = "<group>"; fileEncoding = undefined; lastKnownFileType = unknown; explicitFileType = undefined; includeInIndex = 0; };
		7B8F1CFFCF9C48259D168ACC /* MaterialIcons.ttf */ = {isa = PBXFileReference; name = "MaterialIcons.ttf"; path = "../node_modules/react-native-vector-icons/Fonts/MaterialIcons.ttf"; sourceTree = "<group>"; fileEncoding = undefined; lastKnownFileType = unknown; explicitFileType = undefined; includeInIndex = 0; };
		6F28593A23BB4C4281301993 /* Octicons.ttf */ = {isa = PBXFileReference; name = "Octicons.ttf"; path = "../node_modules/react-native-vector-icons/Fonts/Octicons.ttf"; sourceTree = "<group>"; fileEncoding = undefined; lastKnownFileType = unknown; explicitFileType = undefined; includeInIndex = 0; };
		D92BC2381A1446D49C1B7223 /* SimpleLineIcons.ttf */ = {isa = PBXFileReference; name = "SimpleLineIcons.ttf"; path = "../node_modules/react-native-vector-icons/Fonts/SimpleLineIcons.ttf"; sourceTree = "<group>"; fileEncoding = undefined; lastKnownFileType = unknown; explicitFileType = undefined; includeInIndex = 0; };
		C4E7F0AF75FE4A4E85C619E7 /* Zocial.ttf */ = {isa = PBXFileReference; name = "Zocial.ttf"; path = "../node_modules/react-native-vector-icons/Fonts/Zocial.ttf"; sourceTree = "<group>"; fileEncoding = undefined; lastKnownFileType = unknown; explicitFileType = undefined; includeInIndex = 0; };
		A7020531BE8747BAB2B21D39 /* Montserrat-Black.ttf */ = {isa = PBXFileReference; name = "Montserrat-Black.ttf"; path = "../src/assets/fonts/Montserrat-Black.ttf"; sourceTree = "<group>"; fileEncoding = undefined; lastKnownFileType = unknown; explicitFileType = undefined; includeInIndex = 0; };
		122747A8941C44D98605295C /* Montserrat-BlackItalic.ttf */ = {isa = PBXFileReference; name = "Montserrat-BlackItalic.ttf"; path = "../src/assets/fonts/Montserrat-BlackItalic.ttf"; sourceTree = "<group>"; fileEncoding = undefined; lastKnownFileType = unknown; explicitFileType = undefined; includeInIndex = 0; };
		EFDB32E6CCAA4F3BA550735D /* Montserrat-Bold.ttf */ = {isa = PBXFileReference; name = "Montserrat-Bold.ttf"; path = "../src/assets/fonts/Montserrat-Bold.ttf"; sourceTree = "<group>"; fileEncoding = undefined; lastKnownFileType = unknown; explicitFileType = undefined; includeInIndex = 0; };
		6FCA9485A1154F48B24FBF19 /* Montserrat-BoldItalic.ttf */ = {isa = PBXFileReference; name = "Montserrat-BoldItalic.ttf"; path = "../src/assets/fonts/Montserrat-BoldItalic.ttf"; sourceTree = "<group>"; fileEncoding = undefined; lastKnownFileType = unknown; explicitFileType = undefined; includeInIndex = 0; };
		F8593CEFAE73475A8D80FB72 /* Montserrat-ExtraBold.ttf */ = {isa = PBXFileReference; name = "Montserrat-ExtraBold.ttf"; path = "../src/assets/fonts/Montserrat-ExtraBold.ttf"; sourceTree = "<group>"; fileEncoding = undefined; lastKnownFileType = unknown; explicitFileType = undefined; includeInIndex = 0; };
		ECF328A3DF5544D6886B2F6E /* Montserrat-ExtraBoldItalic.ttf */ = {isa = PBXFileReference; name = "Montserrat-ExtraBoldItalic.ttf"; path = "../src/assets/fonts/Montserrat-ExtraBoldItalic.ttf"; sourceTree = "<group>"; fileEncoding = undefined; lastKnownFileType = unknown; explicitFileType = undefined; includeInIndex = 0; };
		07DA3F193CB9493B838A4A9B /* Montserrat-ExtraLight.ttf */ = {isa = PBXFileReference; name = "Montserrat-ExtraLight.ttf"; path = "../src/assets/fonts/Montserrat-ExtraLight.ttf"; sourceTree = "<group>"; fileEncoding = undefined; lastKnownFileType = unknown; explicitFileType = undefined; includeInIndex = 0; };
		336F3B59BDF5439DBF5D2C97 /* Montserrat-ExtraLightItalic.ttf */ = {isa = PBXFileReference; name = "Montserrat-ExtraLightItalic.ttf"; path = "../src/assets/fonts/Montserrat-ExtraLightItalic.ttf"; sourceTree = "<group>"; fileEncoding = undefined; lastKnownFileType = unknown; explicitFileType = undefined; includeInIndex = 0; };
		3DE876D608904C37AD5AB43E /* Montserrat-Italic.ttf */ = {isa = PBXFileReference; name = "Montserrat-Italic.ttf"; path = "../src/assets/fonts/Montserrat-Italic.ttf"; sourceTree = "<group>"; fileEncoding = undefined; lastKnownFileType = unknown; explicitFileType = undefined; includeInIndex = 0; };
		3CD52E34D97D44389373ECE5 /* Montserrat-Light.ttf */ = {isa = PBXFileReference; name = "Montserrat-Light.ttf"; path = "../src/assets/fonts/Montserrat-Light.ttf"; sourceTree = "<group>"; fileEncoding = undefined; lastKnownFileType = unknown; explicitFileType = undefined; includeInIndex = 0; };
		3DB5C46B64504A04BDB2CB23 /* Montserrat-LightItalic.ttf */ = {isa = PBXFileReference; name = "Montserrat-LightItalic.ttf"; path = "../src/assets/fonts/Montserrat-LightItalic.ttf"; sourceTree = "<group>"; fileEncoding = undefined; lastKnownFileType = unknown; explicitFileType = undefined; includeInIndex = 0; };
		B9EDD44F6E3D4387A9C52B6F /* Montserrat-Medium.ttf */ = {isa = PBXFileReference; name = "Montserrat-Medium.ttf"; path = "../src/assets/fonts/Montserrat-Medium.ttf"; sourceTree = "<group>"; fileEncoding = undefined; lastKnownFileType = unknown; explicitFileType = undefined; includeInIndex = 0; };
		482B08D67FD24F44B12C40C1 /* Montserrat-MediumItalic.ttf */ = {isa = PBXFileReference; name = "Montserrat-MediumItalic.ttf"; path = "../src/assets/fonts/Montserrat-MediumItalic.ttf"; sourceTree = "<group>"; fileEncoding = undefined; lastKnownFileType = unknown; explicitFileType = undefined; includeInIndex = 0; };
		7EC8263EBA774C5AB634A2CB /* Montserrat-Regular.ttf */ = {isa = PBXFileReference; name = "Montserrat-Regular.ttf"; path = "../src/assets/fonts/Montserrat-Regular.ttf"; sourceTree = "<group>"; fileEncoding = undefined; lastKnownFileType = unknown; explicitFileType = undefined; includeInIndex = 0; };
		A0269A9633A24B7A87E098B4 /* Montserrat-SemiBold.ttf */ = {isa = PBXFileReference; name = "Montserrat-SemiBold.ttf"; path = "../src/assets/fonts/Montserrat-SemiBold.ttf"; sourceTree = "<group>"; fileEncoding = undefined; lastKnownFileType = unknown; explicitFileType = undefined; includeInIndex = 0; };
		39F516A2AB464302ACDA12B2 /* Montserrat-SemiBoldItalic.ttf */ = {isa = PBXFileReference; name = "Montserrat-SemiBoldItalic.ttf"; path = "../src/assets/fonts/Montserrat-SemiBoldItalic.ttf"; sourceTree = "<group>"; fileEncoding = undefined; lastKnownFileType = unknown; explicitFileType = undefined; includeInIndex = 0; };
		15B5F6EF69334ED7B08B71D0 /* Montserrat-Thin.ttf */ = {isa = PBXFileReference; name = "Montserrat-Thin.ttf"; path = "../src/assets/fonts/Montserrat-Thin.ttf"; sourceTree = "<group>"; fileEncoding = undefined; lastKnownFileType = unknown; explicitFileType = undefined; includeInIndex = 0; };
		7AB1B422F5BF44369D86A4BB /* Montserrat-ThinItalic.ttf */ = {isa = PBXFileReference; name = "Montserrat-ThinItalic.ttf"; path = "../src/assets/fonts/Montserrat-ThinItalic.ttf"; sourceTree = "<group>"; fileEncoding = undefined; lastKnownFileType = unknown; explicitFileType = undefined; includeInIndex = 0; };
/* End PBXFileReference section */

/* Begin PBXFrameworksBuildPhase section */
		00E356EB1AD99517003FC87E /* Frameworks */ = {
			isa = PBXFrameworksBuildPhase;
			buildActionMask = 2147483647;
			files = (
				7EF68E3733C33B6898317E18 /* libPods-zaamo-zaamoTests.a in Frameworks */,
			);
			runOnlyForDeploymentPostprocessing = 0;
		};
		13B07F8C1A680F5B00A75B9A /* Frameworks */ = {
			isa = PBXFrameworksBuildPhase;
			buildActionMask = 2147483647;
			files = (
				6172F2D35A4C3AA820D92908 /* libPods-zaamo.a in Frameworks */,
			);
			runOnlyForDeploymentPostprocessing = 0;
		};
/* End PBXFrameworksBuildPhase section */

/* Begin PBXGroup section */
		00E356EF1AD99517003FC87E /* zaamoTests */ = {
			isa = PBXGroup;
			children = (
				00E356F21AD99517003FC87E /* zaamoTests.m */,
				00E356F01AD99517003FC87E /* Supporting Files */,
			);
			path = zaamoTests;
			sourceTree = "<group>";
		};
		00E356F01AD99517003FC87E /* Supporting Files */ = {
			isa = PBXGroup;
			children = (
				00E356F11AD99517003FC87E /* Info.plist */,
			);
			name = "Supporting Files";
			sourceTree = "<group>";
		};
		13B07FAE1A68108700A75B9A /* zaamo */ = {
			isa = PBXGroup;
			children = (
				13B07FAF1A68108700A75B9A /* AppDelegate.h */,
				13B07FB01A68108700A75B9A /* AppDelegate.m */,
				13B07FB51A68108700A75B9A /* Images.xcassets */,
				13B07FB61A68108700A75B9A /* Info.plist */,
				81AB9BB72411601600AC10FF /* LaunchScreen.storyboard */,
				13B07FB71A68108700A75B9A /* main.m */,
			);
			name = zaamo;
			sourceTree = "<group>";
		};
		2D16E6871FA4F8E400B85C8A /* Frameworks */ = {
			isa = PBXGroup;
			children = (
				ED297162215061F000B7C4FE /* JavaScriptCore.framework */,
				6423831EA8574132BED9D8CC /* libPods-zaamo.a */,
				ABFE59519B596E51CEFDCCC0 /* libPods-zaamo-zaamoTests.a */,
			);
			name = Frameworks;
			sourceTree = "<group>";
		};
		832341AE1AAA6A7D00B99B32 /* Libraries */ = {
			isa = PBXGroup;
			children = (
			);
			name = Libraries;
			sourceTree = "<group>";
		};
		83CBB9F61A601CBA00E9B192 = {
			isa = PBXGroup;
			children = (
				13B07FAE1A68108700A75B9A /* zaamo */,
				832341AE1AAA6A7D00B99B32 /* Libraries */,
				00E356EF1AD99517003FC87E /* zaamoTests */,
				83CBBA001A601CBA00E9B192 /* Products */,
				2D16E6871FA4F8E400B85C8A /* Frameworks */,
				E233CBF5F47BEE60B243DCF8 /* Pods */,
				74901ABB48A14F088D94C247 /* Resources */,
			);
			indentWidth = 2;
			sourceTree = "<group>";
			tabWidth = 2;
			usesTabs = 0;
		};
		83CBBA001A601CBA00E9B192 /* Products */ = {
			isa = PBXGroup;
			children = (
				13B07F961A680F5B00A75B9A /* zaamo.app */,
				00E356EE1AD99517003FC87E /* zaamoTests.xctest */,
			);
			name = Products;
			sourceTree = "<group>";
		};
		E233CBF5F47BEE60B243DCF8 /* Pods */ = {
			isa = PBXGroup;
			children = (
				C0A881CF5CF3F2B244570E2A /* Pods-zaamo.debug.xcconfig */,
				D00AAFFCFCFDA5787532823F /* Pods-zaamo.release.xcconfig */,
				6C97AB639B58BBB4B15BBE30 /* Pods-zaamo-zaamoTests.debug.xcconfig */,
				1D0AE47A65C8663E3B452821 /* Pods-zaamo-zaamoTests.release.xcconfig */,
			);
			name = Pods;
			path = Pods;
			sourceTree = "<group>";
		};
		74901ABB48A14F088D94C247 /* Resources */ = {
			isa = "PBXGroup";
			children = (
				8AE8908046724E4B94161B42 /* Merriweather-Black.ttf */,
				F7648987E6CF48BCB7C2D317 /* Merriweather-BlackItalic.ttf */,
				3FD12BF7537549619DB3385D /* Merriweather-Bold.ttf */,
				070812BB8AA244B489748412 /* Merriweather-BoldItalic.ttf */,
				D6016E7923AC44DBA839722B /* Merriweather-Italic.ttf */,
				73D65DFC4DA9494294F92458 /* Merriweather-Light.ttf */,
				39684B5F24544235A3665E5E /* Merriweather-LightItalic.ttf */,
				3B96B52CE8D84B3DB8C6FD69 /* Merriweather-Regular.ttf */,
				194746260C3A4BC28F1B11BF /* Roboto-Black.ttf */,
				E0CFF43E6E4F403C868ADBA5 /* Roboto-BlackItalic.ttf */,
				1061A813F4C44F20B75FB1BA /* Roboto-Bold.ttf */,
				C7983F1A71D345619744CA1C /* Roboto-BoldItalic.ttf */,
				03B5344BA8DC4EF99DAC61CE /* Roboto-Italic.ttf */,
				D13F471C809445BEA646E7FE /* Roboto-Light.ttf */,
				B789B8697F4B45529CBF5981 /* Roboto-LightItalic.ttf */,
				33640709AB4747D8ACFD63D5 /* Roboto-Medium.ttf */,
				0AD2A6B6B64F4EA9A909A8ED /* Roboto-MediumItalic.ttf */,
				FAC1C47627D74F5BA174FAEC /* Roboto-Regular.ttf */,
				D2A9AD0CA72A4621B41B353C /* Roboto-Thin.ttf */,
				88234C35EE07440588CD8E56 /* Roboto-ThinItalic.ttf */,
				796720A70033404BA948A649 /* AntDesign.ttf */,
				76664C48B3744E74B5E63AC3 /* Entypo.ttf */,
				D53A88CBFF254C2FB645E49A /* EvilIcons.ttf */,
				834DF13AF22D4F51B7B4FDF0 /* Feather.ttf */,
				DC7D424DDA9F4ED5860D52E6 /* FontAwesome.ttf */,
				077796D631F9484090E3D980 /* FontAwesome5_Brands.ttf */,
				1CD016627143408794B85363 /* FontAwesome5_Regular.ttf */,
				C76D7C79B02C40E19DE1CCF3 /* FontAwesome5_Solid.ttf */,
				702624C8E7704BC1B2F12452 /* Fontisto.ttf */,
				F271782BA74B4E0D86092554 /* Foundation.ttf */,
				5A579D8D6A8C42FB980FAD47 /* Ionicons.ttf */,
				65FE2839A124478589E81B3A /* MaterialCommunityIcons.ttf */,
				7B8F1CFFCF9C48259D168ACC /* MaterialIcons.ttf */,
				6F28593A23BB4C4281301993 /* Octicons.ttf */,
				D92BC2381A1446D49C1B7223 /* SimpleLineIcons.ttf */,
				C4E7F0AF75FE4A4E85C619E7 /* Zocial.ttf */,
				A7020531BE8747BAB2B21D39 /* Montserrat-Black.ttf */,
				122747A8941C44D98605295C /* Montserrat-BlackItalic.ttf */,
				EFDB32E6CCAA4F3BA550735D /* Montserrat-Bold.ttf */,
				6FCA9485A1154F48B24FBF19 /* Montserrat-BoldItalic.ttf */,
				F8593CEFAE73475A8D80FB72 /* Montserrat-ExtraBold.ttf */,
				ECF328A3DF5544D6886B2F6E /* Montserrat-ExtraBoldItalic.ttf */,
				07DA3F193CB9493B838A4A9B /* Montserrat-ExtraLight.ttf */,
				336F3B59BDF5439DBF5D2C97 /* Montserrat-ExtraLightItalic.ttf */,
				3DE876D608904C37AD5AB43E /* Montserrat-Italic.ttf */,
				3CD52E34D97D44389373ECE5 /* Montserrat-Light.ttf */,
				3DB5C46B64504A04BDB2CB23 /* Montserrat-LightItalic.ttf */,
				B9EDD44F6E3D4387A9C52B6F /* Montserrat-Medium.ttf */,
				482B08D67FD24F44B12C40C1 /* Montserrat-MediumItalic.ttf */,
				7EC8263EBA774C5AB634A2CB /* Montserrat-Regular.ttf */,
				A0269A9633A24B7A87E098B4 /* Montserrat-SemiBold.ttf */,
				39F516A2AB464302ACDA12B2 /* Montserrat-SemiBoldItalic.ttf */,
				15B5F6EF69334ED7B08B71D0 /* Montserrat-Thin.ttf */,
				7AB1B422F5BF44369D86A4BB /* Montserrat-ThinItalic.ttf */,
			);
			name = Resources;
			sourceTree = "<group>";
			path = "";
		};
/* End PBXGroup section */

/* Begin PBXNativeTarget section */
		00E356ED1AD99517003FC87E /* zaamoTests */ = {
			isa = PBXNativeTarget;
			buildConfigurationList = 00E357021AD99517003FC87E /* Build configuration list for PBXNativeTarget "zaamoTests" */;
			buildPhases = (
				A130D646172E58E1D159D8F2 /* [CP] Check Pods Manifest.lock */,
				00E356EA1AD99517003FC87E /* Sources */,
				00E356EB1AD99517003FC87E /* Frameworks */,
				00E356EC1AD99517003FC87E /* Resources */,
				077E01280D4B4AD18B2E1770 /* [CP] Embed Pods Frameworks */,
				4E62BDF20514810D028A5FBF /* [CP] Copy Pods Resources */,
			);
			buildRules = (
			);
			dependencies = (
				00E356F51AD99517003FC87E /* PBXTargetDependency */,
			);
			name = zaamoTests;
			productName = zaamoTests;
			productReference = 00E356EE1AD99517003FC87E /* zaamoTests.xctest */;
			productType = "com.apple.product-type.bundle.unit-test";
		};
		13B07F861A680F5B00A75B9A /* zaamo */ = {
			isa = PBXNativeTarget;
			buildConfigurationList = 13B07F931A680F5B00A75B9A /* Build configuration list for PBXNativeTarget "zaamo" */;
			buildPhases = (
				3E482C27206C4DEF2FE45063 /* [CP] Check Pods Manifest.lock */,
				FD10A7F022414F080027D42C /* Start Packager */,
				13B07F871A680F5B00A75B9A /* Sources */,
				13B07F8C1A680F5B00A75B9A /* Frameworks */,
				13B07F8E1A680F5B00A75B9A /* Resources */,
				00DD1BFF1BD5951E006B06BC /* Bundle React Native code and images */,
				C8AC78B0264D0F9F6F6D630E /* [CP] Embed Pods Frameworks */,
				ADC9DDC32298B72B3CF5DC8E /* [CP] Copy Pods Resources */,
			);
			buildRules = (
			);
			dependencies = (
			);
			name = zaamo;
			productName = zaamo;
			productReference = 13B07F961A680F5B00A75B9A /* zaamo.app */;
			productType = "com.apple.product-type.application";
		};
/* End PBXNativeTarget section */

/* Begin PBXProject section */
		83CBB9F71A601CBA00E9B192 /* Project object */ = {
			isa = PBXProject;
			attributes = {
				LastUpgradeCheck = 1210;
				TargetAttributes = {
					00E356ED1AD99517003FC87E = {
						CreatedOnToolsVersion = 6.2;
						TestTargetID = 13B07F861A680F5B00A75B9A;
					};
					13B07F861A680F5B00A75B9A = {
						LastSwiftMigration = 1120;
					};
				};
			};
			buildConfigurationList = 83CBB9FA1A601CBA00E9B192 /* Build configuration list for PBXProject "zaamo" */;
			compatibilityVersion = "Xcode 12.0";
			developmentRegion = en;
			hasScannedForEncodings = 0;
			knownRegions = (
				en,
				Base,
			);
			mainGroup = 83CBB9F61A601CBA00E9B192;
			productRefGroup = 83CBBA001A601CBA00E9B192 /* Products */;
			projectDirPath = "";
			projectRoot = "";
			targets = (
				13B07F861A680F5B00A75B9A /* zaamo */,
				00E356ED1AD99517003FC87E /* zaamoTests */,
			);
		};
/* End PBXProject section */

/* Begin PBXResourcesBuildPhase section */
		00E356EC1AD99517003FC87E /* Resources */ = {
			isa = PBXResourcesBuildPhase;
			buildActionMask = 2147483647;
			files = (
			);
			runOnlyForDeploymentPostprocessing = 0;
		};
		13B07F8E1A680F5B00A75B9A /* Resources */ = {
			isa = PBXResourcesBuildPhase;
			buildActionMask = 2147483647;
			files = (
				81AB9BB82411601600AC10FF /* LaunchScreen.storyboard in Resources */,
				13B07FBF1A68108700A75B9A /* Images.xcassets in Resources */,
				9801A166FBC440D8B6774B0F /* Merriweather-Black.ttf in Resources */,
				239038D2055D48C98E20F0EA /* Merriweather-BlackItalic.ttf in Resources */,
				7D34CA067E424EAD9BD4EA0F /* Merriweather-Bold.ttf in Resources */,
				3A4186B349384173885D9113 /* Merriweather-BoldItalic.ttf in Resources */,
				2B0AE92EE12D4E4482D0DC6B /* Merriweather-Italic.ttf in Resources */,
				5B2C8857666449FF8B418C4A /* Merriweather-Light.ttf in Resources */,
				B72DF23643964D2DA15E4C0D /* Merriweather-LightItalic.ttf in Resources */,
				DFA133BEDBCF4E179C0A7F01 /* Merriweather-Regular.ttf in Resources */,
				22BDC1FEF4E44E878EE4AE9F /* Roboto-Black.ttf in Resources */,
				C6C9FEA4B7274AF99489430A /* Roboto-BlackItalic.ttf in Resources */,
				487C10476CA0412E8C6B1874 /* Roboto-Bold.ttf in Resources */,
				62AB3F8DC2AC4BACA60C6538 /* Roboto-BoldItalic.ttf in Resources */,
				E4F375A592B14B21896F755A /* Roboto-Italic.ttf in Resources */,
				86A33392AA974BD880795B13 /* Roboto-Light.ttf in Resources */,
				B145DD380A5F419EBDA7F7BF /* Roboto-LightItalic.ttf in Resources */,
				B47E94F1FAD445C78BDA2AAF /* Roboto-Medium.ttf in Resources */,
				A8CBA853F81641E1B985A5B7 /* Roboto-MediumItalic.ttf in Resources */,
				9A3CD229308E4E8DAF0DCAA0 /* Roboto-Regular.ttf in Resources */,
				C6CD3675CF4848FFB0299E7D /* Roboto-Thin.ttf in Resources */,
				5C90D0A66CAB4897AC8EC316 /* Roboto-ThinItalic.ttf in Resources */,
				D95EDC0E5ABB4289B272CCB9 /* AntDesign.ttf in Resources */,
				C77DA2F4AC3445A2BC43822B /* Entypo.ttf in Resources */,
				C637688EBBBD4AE69DCE8D37 /* EvilIcons.ttf in Resources */,
				21EFEECED20D4EE98F912888 /* Feather.ttf in Resources */,
				A30B65776D7A462EA148AA00 /* FontAwesome.ttf in Resources */,
				C060A865CF77482A94584225 /* FontAwesome5_Brands.ttf in Resources */,
				F3F88E69E5444465ADBD4172 /* FontAwesome5_Regular.ttf in Resources */,
				6D4D4CC6428C4F82A5487169 /* FontAwesome5_Solid.ttf in Resources */,
				A4AE7C6037A044B4922EEB64 /* Fontisto.ttf in Resources */,
				E829B5C45CBA4604952C01D3 /* Foundation.ttf in Resources */,
				732A45163E854A88B37957ED /* Ionicons.ttf in Resources */,
				D052096CF1BE4A4B9AC8FF64 /* MaterialCommunityIcons.ttf in Resources */,
				C45CFDFE9B644F03BC95A43D /* MaterialIcons.ttf in Resources */,
				D78F73F0AAE0453C9A94CC32 /* Octicons.ttf in Resources */,
				11EAFB1089284A51940A8448 /* SimpleLineIcons.ttf in Resources */,
				9CE3188D441F4AC6A5122C39 /* Zocial.ttf in Resources */,
				4E769E8E81684F4C942CE986 /* Montserrat-Black.ttf in Resources */,
				C823D9643A6B4D159E685757 /* Montserrat-BlackItalic.ttf in Resources */,
				66E4E86462A14E75B07F591D /* Montserrat-Bold.ttf in Resources */,
				DF453CC2F89C4AC7ABC765CE /* Montserrat-BoldItalic.ttf in Resources */,
				C9C81F2076C04C7BADBD1D58 /* Montserrat-ExtraBold.ttf in Resources */,
				DE48178C2F8C41A2B0533BB6 /* Montserrat-ExtraBoldItalic.ttf in Resources */,
				22D21444F7EB47EB93D0B783 /* Montserrat-ExtraLight.ttf in Resources */,
				AA401690E87846A986105E4D /* Montserrat-ExtraLightItalic.ttf in Resources */,
				C9FB7908882049CBB053DC22 /* Montserrat-Italic.ttf in Resources */,
				9BBED18C5E874C80B256F895 /* Montserrat-Light.ttf in Resources */,
				15D3EF8D27EA4D439E269F05 /* Montserrat-LightItalic.ttf in Resources */,
				7BBC8183269643D2802EF82E /* Montserrat-Medium.ttf in Resources */,
				C6D4C763DC4A4C34824F50FD /* Montserrat-MediumItalic.ttf in Resources */,
				E1DCCD66D642479A91D520D9 /* Montserrat-Regular.ttf in Resources */,
				1DF7F34DBC9D4F70868CCD6C /* Montserrat-SemiBold.ttf in Resources */,
				3E798D9CF80D4289A8D1AB89 /* Montserrat-SemiBoldItalic.ttf in Resources */,
				66DFC8E62E6645AF840F0444 /* Montserrat-Thin.ttf in Resources */,
				5AE8242B370249C6A51BED04 /* Montserrat-ThinItalic.ttf in Resources */,
			);
			runOnlyForDeploymentPostprocessing = 0;
		};
/* End PBXResourcesBuildPhase section */

/* Begin PBXShellScriptBuildPhase section */
		00DD1BFF1BD5951E006B06BC /* Bundle React Native code and images */ = {
			isa = PBXShellScriptBuildPhase;
			buildActionMask = 2147483647;
			files = (
			);
			inputPaths = (
			);
			name = "Bundle React Native code and images";
			outputPaths = (
			);
			runOnlyForDeploymentPostprocessing = 0;
			shellPath = /bin/sh;
			shellScript = "set -e\n\nexport NODE_BINARY=node\n../node_modules/react-native/scripts/react-native-xcode.sh\n";
		};
		077E01280D4B4AD18B2E1770 /* [CP] Embed Pods Frameworks */ = {
			isa = PBXShellScriptBuildPhase;
			buildActionMask = 2147483647;
			files = (
			);
			inputFileListPaths = (
				"${PODS_ROOT}/Target Support Files/Pods-zaamo-zaamoTests/Pods-zaamo-zaamoTests-frameworks-${CONFIGURATION}-input-files.xcfilelist",
			);
			name = "[CP] Embed Pods Frameworks";
			outputFileListPaths = (
				"${PODS_ROOT}/Target Support Files/Pods-zaamo-zaamoTests/Pods-zaamo-zaamoTests-frameworks-${CONFIGURATION}-output-files.xcfilelist",
			);
			runOnlyForDeploymentPostprocessing = 0;
			shellPath = /bin/sh;
			shellScript = "\"${PODS_ROOT}/Target Support Files/Pods-zaamo-zaamoTests/Pods-zaamo-zaamoTests-frameworks.sh\"\n";
			showEnvVarsInLog = 0;
		};
		3E482C27206C4DEF2FE45063 /* [CP] Check Pods Manifest.lock */ = {
			isa = PBXShellScriptBuildPhase;
			buildActionMask = 2147483647;
			files = (
			);
			inputFileListPaths = (
			);
			inputPaths = (
				"${PODS_PODFILE_DIR_PATH}/Podfile.lock",
				"${PODS_ROOT}/Manifest.lock",
			);
			name = "[CP] Check Pods Manifest.lock";
			outputFileListPaths = (
			);
			outputPaths = (
				"$(DERIVED_FILE_DIR)/Pods-zaamo-checkManifestLockResult.txt",
			);
			runOnlyForDeploymentPostprocessing = 0;
			shellPath = /bin/sh;
			shellScript = "diff \"${PODS_PODFILE_DIR_PATH}/Podfile.lock\" \"${PODS_ROOT}/Manifest.lock\" > /dev/null\nif [ $? != 0 ] ; then\n    # print error to STDERR\n    echo \"error: The sandbox is not in sync with the Podfile.lock. Run 'pod install' or update your CocoaPods installation.\" >&2\n    exit 1\nfi\n# This output is used by Xcode 'outputs' to avoid re-running this script phase.\necho \"SUCCESS\" > \"${SCRIPT_OUTPUT_FILE_0}\"\n";
			showEnvVarsInLog = 0;
		};
		4E62BDF20514810D028A5FBF /* [CP] Copy Pods Resources */ = {
			isa = PBXShellScriptBuildPhase;
			buildActionMask = 2147483647;
			files = (
			);
			inputFileListPaths = (
				"${PODS_ROOT}/Target Support Files/Pods-zaamo-zaamoTests/Pods-zaamo-zaamoTests-resources-${CONFIGURATION}-input-files.xcfilelist",
			);
			name = "[CP] Copy Pods Resources";
			outputFileListPaths = (
				"${PODS_ROOT}/Target Support Files/Pods-zaamo-zaamoTests/Pods-zaamo-zaamoTests-resources-${CONFIGURATION}-output-files.xcfilelist",
			);
			runOnlyForDeploymentPostprocessing = 0;
			shellPath = /bin/sh;
			shellScript = "\"${PODS_ROOT}/Target Support Files/Pods-zaamo-zaamoTests/Pods-zaamo-zaamoTests-resources.sh\"\n";
			showEnvVarsInLog = 0;
		};
		A130D646172E58E1D159D8F2 /* [CP] Check Pods Manifest.lock */ = {
			isa = PBXShellScriptBuildPhase;
			buildActionMask = 2147483647;
			files = (
			);
			inputFileListPaths = (
			);
			inputPaths = (
				"${PODS_PODFILE_DIR_PATH}/Podfile.lock",
				"${PODS_ROOT}/Manifest.lock",
			);
			name = "[CP] Check Pods Manifest.lock";
			outputFileListPaths = (
			);
			outputPaths = (
				"$(DERIVED_FILE_DIR)/Pods-zaamo-zaamoTests-checkManifestLockResult.txt",
			);
			runOnlyForDeploymentPostprocessing = 0;
			shellPath = /bin/sh;
			shellScript = "diff \"${PODS_PODFILE_DIR_PATH}/Podfile.lock\" \"${PODS_ROOT}/Manifest.lock\" > /dev/null\nif [ $? != 0 ] ; then\n    # print error to STDERR\n    echo \"error: The sandbox is not in sync with the Podfile.lock. Run 'pod install' or update your CocoaPods installation.\" >&2\n    exit 1\nfi\n# This output is used by Xcode 'outputs' to avoid re-running this script phase.\necho \"SUCCESS\" > \"${SCRIPT_OUTPUT_FILE_0}\"\n";
			showEnvVarsInLog = 0;
		};
		ADC9DDC32298B72B3CF5DC8E /* [CP] Copy Pods Resources */ = {
			isa = PBXShellScriptBuildPhase;
			buildActionMask = 2147483647;
			files = (
			);
			inputFileListPaths = (
				"${PODS_ROOT}/Target Support Files/Pods-zaamo/Pods-zaamo-resources-${CONFIGURATION}-input-files.xcfilelist",
			);
			name = "[CP] Copy Pods Resources";
			outputFileListPaths = (
				"${PODS_ROOT}/Target Support Files/Pods-zaamo/Pods-zaamo-resources-${CONFIGURATION}-output-files.xcfilelist",
			);
			runOnlyForDeploymentPostprocessing = 0;
			shellPath = /bin/sh;
			shellScript = "\"${PODS_ROOT}/Target Support Files/Pods-zaamo/Pods-zaamo-resources.sh\"\n";
			showEnvVarsInLog = 0;
		};
		C8AC78B0264D0F9F6F6D630E /* [CP] Embed Pods Frameworks */ = {
			isa = PBXShellScriptBuildPhase;
			buildActionMask = 2147483647;
			files = (
			);
			inputFileListPaths = (
				"${PODS_ROOT}/Target Support Files/Pods-zaamo/Pods-zaamo-frameworks-${CONFIGURATION}-input-files.xcfilelist",
			);
			name = "[CP] Embed Pods Frameworks";
			outputFileListPaths = (
				"${PODS_ROOT}/Target Support Files/Pods-zaamo/Pods-zaamo-frameworks-${CONFIGURATION}-output-files.xcfilelist",
			);
			runOnlyForDeploymentPostprocessing = 0;
			shellPath = /bin/sh;
			shellScript = "\"${PODS_ROOT}/Target Support Files/Pods-zaamo/Pods-zaamo-frameworks.sh\"\n";
			showEnvVarsInLog = 0;
		};
		FD10A7F022414F080027D42C /* Start Packager */ = {
			isa = PBXShellScriptBuildPhase;
			buildActionMask = 2147483647;
			files = (
			);
			inputFileListPaths = (
			);
			inputPaths = (
			);
			name = "Start Packager";
			outputFileListPaths = (
			);
			outputPaths = (
			);
			runOnlyForDeploymentPostprocessing = 0;
			shellPath = /bin/sh;
			shellScript = "export RCT_METRO_PORT=\"${RCT_METRO_PORT:=8081}\"\necho \"export RCT_METRO_PORT=${RCT_METRO_PORT}\" > \"${SRCROOT}/../node_modules/react-native/scripts/.packager.env\"\nif [ -z \"${RCT_NO_LAUNCH_PACKAGER+xxx}\" ] ; then\n  if nc -w 5 -z localhost ${RCT_METRO_PORT} ; then\n    if ! curl -s \"http://localhost:${RCT_METRO_PORT}/status\" | grep -q \"packager-status:running\" ; then\n      echo \"Port ${RCT_METRO_PORT} already in use, packager is either not running or not running correctly\"\n      exit 2\n    fi\n  else\n    open \"$SRCROOT/../node_modules/react-native/scripts/launchPackager.command\" || echo \"Can't start packager automatically\"\n  fi\nfi\n";
			showEnvVarsInLog = 0;
		};
/* End PBXShellScriptBuildPhase section */

/* Begin PBXSourcesBuildPhase section */
		00E356EA1AD99517003FC87E /* Sources */ = {
			isa = PBXSourcesBuildPhase;
			buildActionMask = 2147483647;
			files = (
				00E356F31AD99517003FC87E /* zaamoTests.m in Sources */,
			);
			runOnlyForDeploymentPostprocessing = 0;
		};
		13B07F871A680F5B00A75B9A /* Sources */ = {
			isa = PBXSourcesBuildPhase;
			buildActionMask = 2147483647;
			files = (
				13B07FBC1A68108700A75B9A /* AppDelegate.m in Sources */,
				13B07FC11A68108700A75B9A /* main.m in Sources */,
			);
			runOnlyForDeploymentPostprocessing = 0;
		};
/* End PBXSourcesBuildPhase section */

/* Begin PBXTargetDependency section */
		00E356F51AD99517003FC87E /* PBXTargetDependency */ = {
			isa = PBXTargetDependency;
			target = 13B07F861A680F5B00A75B9A /* zaamo */;
			targetProxy = 00E356F41AD99517003FC87E /* PBXContainerItemProxy */;
		};
/* End PBXTargetDependency section */

/* Begin XCBuildConfiguration section */
		00E356F61AD99517003FC87E /* Debug */ = {
			isa = XCBuildConfiguration;
			baseConfigurationReference = 6C97AB639B58BBB4B15BBE30 /* Pods-zaamo-zaamoTests.debug.xcconfig */;
			buildSettings = {
				BUNDLE_LOADER = "$(TEST_HOST)";
				GCC_PREPROCESSOR_DEFINITIONS = (
					"DEBUG=1",
					"$(inherited)",
				);
				INFOPLIST_FILE = zaamoTests/Info.plist;
				IPHONEOS_DEPLOYMENT_TARGET = 11.0;
				LD_RUNPATH_SEARCH_PATHS = (
					"$(inherited)",
					"@executable_path/Frameworks",
					"@loader_path/Frameworks",
				);
				OTHER_LDFLAGS = (
					"-ObjC",
					"-lc++",
					"$(inherited)",
				);
				PRODUCT_BUNDLE_IDENTIFIER = "org.reactjs.native.example.$(PRODUCT_NAME:rfc1034identifier)";
				PRODUCT_NAME = "$(TARGET_NAME)";
				TEST_HOST = "$(BUILT_PRODUCTS_DIR)/zaamo.app/zaamo";
			};
			name = Debug;
		};
		00E356F71AD99517003FC87E /* Release */ = {
			isa = XCBuildConfiguration;
			baseConfigurationReference = 1D0AE47A65C8663E3B452821 /* Pods-zaamo-zaamoTests.release.xcconfig */;
			buildSettings = {
				BUNDLE_LOADER = "$(TEST_HOST)";
				COPY_PHASE_STRIP = NO;
				INFOPLIST_FILE = zaamoTests/Info.plist;
				IPHONEOS_DEPLOYMENT_TARGET = 11.0;
				LD_RUNPATH_SEARCH_PATHS = (
					"$(inherited)",
					"@executable_path/Frameworks",
					"@loader_path/Frameworks",
				);
				OTHER_LDFLAGS = (
					"-ObjC",
					"-lc++",
					"$(inherited)",
				);
				PRODUCT_BUNDLE_IDENTIFIER = "org.reactjs.native.example.$(PRODUCT_NAME:rfc1034identifier)";
				PRODUCT_NAME = "$(TARGET_NAME)";
				TEST_HOST = "$(BUILT_PRODUCTS_DIR)/zaamo.app/zaamo";
			};
			name = Release;
		};
		13B07F941A680F5B00A75B9A /* Debug */ = {
			isa = XCBuildConfiguration;
			baseConfigurationReference = C0A881CF5CF3F2B244570E2A /* Pods-zaamo.debug.xcconfig */;
			buildSettings = {
				ASSETCATALOG_COMPILER_APPICON_NAME = AppIcon;
				CLANG_ENABLE_MODULES = YES;
				CURRENT_PROJECT_VERSION = 1;
				ENABLE_BITCODE = NO;
				INFOPLIST_FILE = zaamo/Info.plist;
				LD_RUNPATH_SEARCH_PATHS = (
					"$(inherited)",
					"@executable_path/Frameworks",
				);
				OTHER_LDFLAGS = (
					"$(inherited)",
					"-ObjC",
					"-lc++",
				);
				PRODUCT_BUNDLE_IDENTIFIER = "org.reactjs.native.example.$(PRODUCT_NAME:rfc1034identifier)";
				PRODUCT_NAME = zaamo;
				SWIFT_OPTIMIZATION_LEVEL = "-Onone";
				SWIFT_VERSION = 5.0;
				VERSIONING_SYSTEM = "apple-generic";
			};
			name = Debug;
		};
		13B07F951A680F5B00A75B9A /* Release */ = {
			isa = XCBuildConfiguration;
			baseConfigurationReference = D00AAFFCFCFDA5787532823F /* Pods-zaamo.release.xcconfig */;
			buildSettings = {
				ASSETCATALOG_COMPILER_APPICON_NAME = AppIcon;
				CLANG_ENABLE_MODULES = YES;
				CURRENT_PROJECT_VERSION = 1;
				INFOPLIST_FILE = zaamo/Info.plist;
				LD_RUNPATH_SEARCH_PATHS = (
					"$(inherited)",
					"@executable_path/Frameworks",
				);
				OTHER_LDFLAGS = (
					"$(inherited)",
					"-ObjC",
					"-lc++",
				);
				PRODUCT_BUNDLE_IDENTIFIER = "org.reactjs.native.example.$(PRODUCT_NAME:rfc1034identifier)";
				PRODUCT_NAME = zaamo;
				SWIFT_VERSION = 5.0;
				VERSIONING_SYSTEM = "apple-generic";
			};
			name = Release;
		};
		83CBBA201A601CBA00E9B192 /* Debug */ = {
			isa = XCBuildConfiguration;
			buildSettings = {
				ALWAYS_SEARCH_USER_PATHS = NO;
				CLANG_ANALYZER_LOCALIZABILITY_NONLOCALIZED = YES;
				CLANG_CXX_LANGUAGE_STANDARD = "gnu++0x";
				CLANG_CXX_LIBRARY = "libc++";
				CLANG_ENABLE_MODULES = YES;
				CLANG_ENABLE_OBJC_ARC = YES;
				CLANG_WARN_BLOCK_CAPTURE_AUTORELEASING = YES;
				CLANG_WARN_BOOL_CONVERSION = YES;
				CLANG_WARN_COMMA = YES;
				CLANG_WARN_CONSTANT_CONVERSION = YES;
				CLANG_WARN_DEPRECATED_OBJC_IMPLEMENTATIONS = YES;
				CLANG_WARN_DIRECT_OBJC_ISA_USAGE = YES_ERROR;
				CLANG_WARN_EMPTY_BODY = YES;
				CLANG_WARN_ENUM_CONVERSION = YES;
				CLANG_WARN_INFINITE_RECURSION = YES;
				CLANG_WARN_INT_CONVERSION = YES;
				CLANG_WARN_NON_LITERAL_NULL_CONVERSION = YES;
				CLANG_WARN_OBJC_IMPLICIT_RETAIN_SELF = YES;
				CLANG_WARN_OBJC_LITERAL_CONVERSION = YES;
				CLANG_WARN_OBJC_ROOT_CLASS = YES_ERROR;
				CLANG_WARN_QUOTED_INCLUDE_IN_FRAMEWORK_HEADER = YES;
				CLANG_WARN_RANGE_LOOP_ANALYSIS = YES;
				CLANG_WARN_STRICT_PROTOTYPES = YES;
				CLANG_WARN_SUSPICIOUS_MOVE = YES;
				CLANG_WARN_UNREACHABLE_CODE = YES;
				CLANG_WARN__DUPLICATE_METHOD_MATCH = YES;
				"CODE_SIGN_IDENTITY[sdk=iphoneos*]" = "iPhone Developer";
				COPY_PHASE_STRIP = NO;
				ENABLE_STRICT_OBJC_MSGSEND = YES;
				ENABLE_TESTABILITY = YES;
				"EXCLUDED_ARCHS[sdk=iphonesimulator*]" = "arm64 ";
				GCC_C_LANGUAGE_STANDARD = gnu99;
				GCC_DYNAMIC_NO_PIC = NO;
				GCC_NO_COMMON_BLOCKS = YES;
				GCC_OPTIMIZATION_LEVEL = 0;
				GCC_PREPROCESSOR_DEFINITIONS = (
					"DEBUG=1",
					"$(inherited)",
				);
				GCC_SYMBOLS_PRIVATE_EXTERN = NO;
				GCC_WARN_64_TO_32_BIT_CONVERSION = YES;
				GCC_WARN_ABOUT_RETURN_TYPE = YES_ERROR;
				GCC_WARN_UNDECLARED_SELECTOR = YES;
				GCC_WARN_UNINITIALIZED_AUTOS = YES_AGGRESSIVE;
				GCC_WARN_UNUSED_FUNCTION = YES;
				GCC_WARN_UNUSED_VARIABLE = YES;
				IPHONEOS_DEPLOYMENT_TARGET = 11.0;
				LD_RUNPATH_SEARCH_PATHS = (
					/usr/lib/swift,
					"$(inherited)",
				);
				LIBRARY_SEARCH_PATHS = (
					"\"$(SDKROOT)/usr/lib/swift\"",
					"\"$(TOOLCHAIN_DIR)/usr/lib/swift/$(PLATFORM_NAME)\"",
					"\"$(TOOLCHAIN_DIR)/usr/lib/swift-5.0/$(PLATFORM_NAME)\"",
					"\"$(inherited)\"",
				);
				MTL_ENABLE_DEBUG_INFO = YES;
				ONLY_ACTIVE_ARCH = YES;
				SDKROOT = iphoneos;
			};
			name = Debug;
		};
		83CBBA211A601CBA00E9B192 /* Release */ = {
			isa = XCBuildConfiguration;
			buildSettings = {
				ALWAYS_SEARCH_USER_PATHS = NO;
				CLANG_ANALYZER_LOCALIZABILITY_NONLOCALIZED = YES;
				CLANG_CXX_LANGUAGE_STANDARD = "gnu++0x";
				CLANG_CXX_LIBRARY = "libc++";
				CLANG_ENABLE_MODULES = YES;
				CLANG_ENABLE_OBJC_ARC = YES;
				CLANG_WARN_BLOCK_CAPTURE_AUTORELEASING = YES;
				CLANG_WARN_BOOL_CONVERSION = YES;
				CLANG_WARN_COMMA = YES;
				CLANG_WARN_CONSTANT_CONVERSION = YES;
				CLANG_WARN_DEPRECATED_OBJC_IMPLEMENTATIONS = YES;
				CLANG_WARN_DIRECT_OBJC_ISA_USAGE = YES_ERROR;
				CLANG_WARN_EMPTY_BODY = YES;
				CLANG_WARN_ENUM_CONVERSION = YES;
				CLANG_WARN_INFINITE_RECURSION = YES;
				CLANG_WARN_INT_CONVERSION = YES;
				CLANG_WARN_NON_LITERAL_NULL_CONVERSION = YES;
				CLANG_WARN_OBJC_IMPLICIT_RETAIN_SELF = YES;
				CLANG_WARN_OBJC_LITERAL_CONVERSION = YES;
				CLANG_WARN_OBJC_ROOT_CLASS = YES_ERROR;
				CLANG_WARN_QUOTED_INCLUDE_IN_FRAMEWORK_HEADER = YES;
				CLANG_WARN_RANGE_LOOP_ANALYSIS = YES;
				CLANG_WARN_STRICT_PROTOTYPES = YES;
				CLANG_WARN_SUSPICIOUS_MOVE = YES;
				CLANG_WARN_UNREACHABLE_CODE = YES;
				CLANG_WARN__DUPLICATE_METHOD_MATCH = YES;
				"CODE_SIGN_IDENTITY[sdk=iphoneos*]" = "iPhone Developer";
				COPY_PHASE_STRIP = YES;
				ENABLE_NS_ASSERTIONS = NO;
				ENABLE_STRICT_OBJC_MSGSEND = YES;
				"EXCLUDED_ARCHS[sdk=iphonesimulator*]" = "arm64 ";
				GCC_C_LANGUAGE_STANDARD = gnu99;
				GCC_NO_COMMON_BLOCKS = YES;
				GCC_WARN_64_TO_32_BIT_CONVERSION = YES;
				GCC_WARN_ABOUT_RETURN_TYPE = YES_ERROR;
				GCC_WARN_UNDECLARED_SELECTOR = YES;
				GCC_WARN_UNINITIALIZED_AUTOS = YES_AGGRESSIVE;
				GCC_WARN_UNUSED_FUNCTION = YES;
				GCC_WARN_UNUSED_VARIABLE = YES;
				IPHONEOS_DEPLOYMENT_TARGET = 11.0;
				LD_RUNPATH_SEARCH_PATHS = (
					/usr/lib/swift,
					"$(inherited)",
				);
				LIBRARY_SEARCH_PATHS = (
					"\"$(SDKROOT)/usr/lib/swift\"",
					"\"$(TOOLCHAIN_DIR)/usr/lib/swift/$(PLATFORM_NAME)\"",
					"\"$(TOOLCHAIN_DIR)/usr/lib/swift-5.0/$(PLATFORM_NAME)\"",
					"\"$(inherited)\"",
				);
				MTL_ENABLE_DEBUG_INFO = NO;
				SDKROOT = iphoneos;
				VALIDATE_PRODUCT = YES;
			};
			name = Release;
		};
/* End XCBuildConfiguration section */

/* Begin XCConfigurationList section */
		00E357021AD99517003FC87E /* Build configuration list for PBXNativeTarget "zaamoTests" */ = {
			isa = XCConfigurationList;
			buildConfigurations = (
				00E356F61AD99517003FC87E /* Debug */,
				00E356F71AD99517003FC87E /* Release */,
			);
			defaultConfigurationIsVisible = 0;
			defaultConfigurationName = Release;
		};
		13B07F931A680F5B00A75B9A /* Build configuration list for PBXNativeTarget "zaamo" */ = {
			isa = XCConfigurationList;
			buildConfigurations = (
				13B07F941A680F5B00A75B9A /* Debug */,
				13B07F951A680F5B00A75B9A /* Release */,
			);
			defaultConfigurationIsVisible = 0;
			defaultConfigurationName = Release;
		};
		83CBB9FA1A601CBA00E9B192 /* Build configuration list for PBXProject "zaamo" */ = {
			isa = XCConfigurationList;
			buildConfigurations = (
				83CBBA201A601CBA00E9B192 /* Debug */,
				83CBBA211A601CBA00E9B192 /* Release */,
			);
			defaultConfigurationIsVisible = 0;
			defaultConfigurationName = Release;
		};
/* End XCConfigurationList section */
	};
	rootObject = 83CBB9F71A601CBA00E9B192 /* Project object */;
}
